
Microsoft Visual Studio Solution File, Format Version 12.00
# Visual Studio Version 17
VisualStudioVersion = 17.4.33103.184
MinimumVisualStudioVersion = 10.0.40219.1
Project("{FAE04EC0-301F-11D3-BF4B-00C04F79EFBC}") = "KattisMorseCode", "KattisMorseCode\KattisMorseCode.csproj", "{3D05D87B-ACC3-4D56-BECB-7F8114EE892A}"
EndProject
Global
	GlobalSection(SolutionConfigurationPlatforms) = preSolution
		Debug|Any CPU = Debug|Any CPU
		Release|Any CPU = Release|Any CPU
	EndGlobalSection
	GlobalSection(ProjectConfigurationPlatforms) = postSolution
		{3D05D87B-ACC3-4D56-BECB-7F8114EE892A}.Debug|Any CPU.ActiveCfg = Debug|Any CPU
		{3D05D87B-ACC3-4D56-BECB-7F8114EE892A}.Debug|Any CPU.Build.0 = Debug|Any CPU
		{3D05D87B-ACC3-4D56-BECB-7F8114EE892A}.Release|Any CPU.ActiveCfg = Release|Any CPU
		{3D05D87B-ACC3-4D56-BECB-7F8114EE892A}.Release|Any CPU.Build.0 = Release|Any CPU
	EndGlobalSection
	GlobalSection(SolutionProperties) = preSolution
		HideSolutionNode = FALSE
	EndGlobalSection
	GlobalSection(ExtensibilityGlobals) = postSolution
		SolutionGuid = {3DD07982-4BE5-4A83-B890-982C5C4D7789}
	EndGlobalSection
EndGlobal
